
Microsoft Visual Studio Solution File, Format Version 12.00
# Visual Studio Version 17
VisualStudioVersion = 17.5.33516.290
MinimumVisualStudioVersion = 10.0.40219.1
Project("{8BC9CEB8-8B4A-11D0-8D11-00A0C91BC942}") = "练习评委打分案例", "练习评委打分案例.vcxproj", "{D62FB692-C665-4AB3-944E-B1CC46D4A414}"
EndProject
Global
	GlobalSection(SolutionConfigurationPlatforms) = preSolution
		Debug|x64 = Debug|x64
		Debug|x86 = Debug|x86
		Release|x64 = Release|x64
		Release|x86 = Release|x86
	EndGlobalSection
	GlobalSection(ProjectConfigurationPlatforms) = postSolution
		{D62FB692-C665-4AB3-944E-B1CC46D4A414}.Debug|x64.ActiveCfg = Debug|x64
		{D62FB692-C665-4AB3-944E-B1CC46D4A414}.Debug|x64.Build.0 = Debug|x64
		{D62FB692-C665-4AB3-944E-B1CC46D4A414}.Debug|x86.ActiveCfg = Debug|Win32
		{D62FB692-C665-4AB3-944E-B1CC46D4A414}.Debug|x86.Build.0 = Debug|Win32
		{D62FB692-C665-4AB3-944E-B1CC46D4A414}.Release|x64.ActiveCfg = Release|x64
		{D62FB692-C665-4AB3-944E-B1CC46D4A414}.Release|x64.Build.0 = Release|x64
		{D62FB692-C665-4AB3-944E-B1CC46D4A414}.Release|x86.ActiveCfg = Release|Win32
		{D62FB692-C665-4AB3-944E-B1CC46D4A414}.Release|x86.Build.0 = Release|Win32
	EndGlobalSection
	GlobalSection(SolutionProperties) = preSolution
		HideSolutionNode = FALSE
	EndGlobalSection
	GlobalSection(ExtensibilityGlobals) = postSolution
		SolutionGuid = {06D9DE5F-8290-458F-8B86-DC35928CB8EF}
	EndGlobalSection
EndGlobal
