
Microsoft Visual Studio Solution File, Format Version 12.00
# Visual Studio Version 17
VisualStudioVersion = 17.5.33516.290
MinimumVisualStudioVersion = 10.0.40219.1
Project("{8BC9CEB8-8B4A-11D0-8D11-00A0C91BC942}") = "九九乘法表", "九九乘法表\九九乘法表.vcxproj", "{51DD14B4-9746-4187-BFDA-958DB64F2785}"
EndProject
Global
	GlobalSection(SolutionConfigurationPlatforms) = preSolution
		Debug|x64 = Debug|x64
		Debug|x86 = Debug|x86
		Release|x64 = Release|x64
		Release|x86 = Release|x86
	EndGlobalSection
	GlobalSection(ProjectConfigurationPlatforms) = postSolution
		{51DD14B4-9746-4187-BFDA-958DB64F2785}.Debug|x64.ActiveCfg = Debug|x64
		{51DD14B4-9746-4187-BFDA-958DB64F2785}.Debug|x64.Build.0 = Debug|x64
		{51DD14B4-9746-4187-BFDA-958DB64F2785}.Debug|x86.ActiveCfg = Debug|Win32
		{51DD14B4-9746-4187-BFDA-958DB64F2785}.Debug|x86.Build.0 = Debug|Win32
		{51DD14B4-9746-4187-BFDA-958DB64F2785}.Release|x64.ActiveCfg = Release|x64
		{51DD14B4-9746-4187-BFDA-958DB64F2785}.Release|x64.Build.0 = Release|x64
		{51DD14B4-9746-4187-BFDA-958DB64F2785}.Release|x86.ActiveCfg = Release|Win32
		{51DD14B4-9746-4187-BFDA-958DB64F2785}.Release|x86.Build.0 = Release|Win32
	EndGlobalSection
	GlobalSection(SolutionProperties) = preSolution
		HideSolutionNode = FALSE
	EndGlobalSection
	GlobalSection(ExtensibilityGlobals) = postSolution
		SolutionGuid = {F95A883C-A865-4776-AC67-BCB887C22A8C}
	EndGlobalSection
EndGlobal
