
Microsoft Visual Studio Solution File, Format Version 12.00
# Visual Studio Version 17
VisualStudioVersion = 17.5.33516.290
MinimumVisualStudioVersion = 10.0.40219.1
Project("{8BC9CEB8-8B4A-11D0-8D11-00A0C91BC942}") = "多态的计算器案例", "多态的计算器案例\多态的计算器案例.vcxproj", "{ED87F3E1-7D66-44C7-A689-EB8791F4C576}"
EndProject
Global
	GlobalSection(SolutionConfigurationPlatforms) = preSolution
		Debug|x64 = Debug|x64
		Debug|x86 = Debug|x86
		Release|x64 = Release|x64
		Release|x86 = Release|x86
	EndGlobalSection
	GlobalSection(ProjectConfigurationPlatforms) = postSolution
		{ED87F3E1-7D66-44C7-A689-EB8791F4C576}.Debug|x64.ActiveCfg = Debug|x64
		{ED87F3E1-7D66-44C7-A689-EB8791F4C576}.Debug|x64.Build.0 = Debug|x64
		{ED87F3E1-7D66-44C7-A689-EB8791F4C576}.Debug|x86.ActiveCfg = Debug|Win32
		{ED87F3E1-7D66-44C7-A689-EB8791F4C576}.Debug|x86.Build.0 = Debug|Win32
		{ED87F3E1-7D66-44C7-A689-EB8791F4C576}.Release|x64.ActiveCfg = Release|x64
		{ED87F3E1-7D66-44C7-A689-EB8791F4C576}.Release|x64.Build.0 = Release|x64
		{ED87F3E1-7D66-44C7-A689-EB8791F4C576}.Release|x86.ActiveCfg = Release|Win32
		{ED87F3E1-7D66-44C7-A689-EB8791F4C576}.Release|x86.Build.0 = Release|Win32
	EndGlobalSection
	GlobalSection(SolutionProperties) = preSolution
		HideSolutionNode = FALSE
	EndGlobalSection
	GlobalSection(ExtensibilityGlobals) = postSolution
		SolutionGuid = {D24E9A21-2E87-43CA-B71D-452678642F7D}
	EndGlobalSection
EndGlobal
