
Microsoft Visual Studio Solution File, Format Version 12.00
# Visual Studio Version 17
VisualStudioVersion = 17.9.34701.34
MinimumVisualStudioVersion = 10.0.40219.1
Project("{8BC9CEB8-8B4A-11D0-8D11-00A0C91BC942}") = "逆序打印", "逆序打印.vcxproj", "{7D4D90FB-FC26-48B0-AE53-1B7DCEAA8552}"
EndProject
Global
	GlobalSection(SolutionConfigurationPlatforms) = preSolution
		Debug|x64 = Debug|x64
		Debug|x86 = Debug|x86
		Release|x64 = Release|x64
		Release|x86 = Release|x86
	EndGlobalSection
	GlobalSection(ProjectConfigurationPlatforms) = postSolution
		{7D4D90FB-FC26-48B0-AE53-1B7DCEAA8552}.Debug|x64.ActiveCfg = Debug|x64
		{7D4D90FB-FC26-48B0-AE53-1B7DCEAA8552}.Debug|x64.Build.0 = Debug|x64
		{7D4D90FB-FC26-48B0-AE53-1B7DCEAA8552}.Debug|x86.ActiveCfg = Debug|Win32
		{7D4D90FB-FC26-48B0-AE53-1B7DCEAA8552}.Debug|x86.Build.0 = Debug|Win32
		{7D4D90FB-FC26-48B0-AE53-1B7DCEAA8552}.Release|x64.ActiveCfg = Release|x64
		{7D4D90FB-FC26-48B0-AE53-1B7DCEAA8552}.Release|x64.Build.0 = Release|x64
		{7D4D90FB-FC26-48B0-AE53-1B7DCEAA8552}.Release|x86.ActiveCfg = Release|Win32
		{7D4D90FB-FC26-48B0-AE53-1B7DCEAA8552}.Release|x86.Build.0 = Release|Win32
	EndGlobalSection
	GlobalSection(SolutionProperties) = preSolution
		HideSolutionNode = FALSE
	EndGlobalSection
	GlobalSection(ExtensibilityGlobals) = postSolution
		SolutionGuid = {8A46955F-6A27-44FE-A3D9-BF498E9A63CF}
	EndGlobalSection
EndGlobal
