
Microsoft Visual Studio Solution File, Format Version 12.00
# Visual Studio Version 17
VisualStudioVersion = 17.5.33516.290
MinimumVisualStudioVersion = 10.0.40219.1
Project("{8BC9CEB8-8B4A-11D0-8D11-00A0C91BC942}") = "书 写 星星", "书 写 星星\书 写 星星.vcxproj", "{F9F1613A-D959-48DE-9F67-07A0F2F6ABBA}"
EndProject
Global
	GlobalSection(SolutionConfigurationPlatforms) = preSolution
		Debug|x64 = Debug|x64
		Debug|x86 = Debug|x86
		Release|x64 = Release|x64
		Release|x86 = Release|x86
	EndGlobalSection
	GlobalSection(ProjectConfigurationPlatforms) = postSolution
		{F9F1613A-D959-48DE-9F67-07A0F2F6ABBA}.Debug|x64.ActiveCfg = Debug|x64
		{F9F1613A-D959-48DE-9F67-07A0F2F6ABBA}.Debug|x64.Build.0 = Debug|x64
		{F9F1613A-D959-48DE-9F67-07A0F2F6ABBA}.Debug|x86.ActiveCfg = Debug|Win32
		{F9F1613A-D959-48DE-9F67-07A0F2F6ABBA}.Debug|x86.Build.0 = Debug|Win32
		{F9F1613A-D959-48DE-9F67-07A0F2F6ABBA}.Release|x64.ActiveCfg = Release|x64
		{F9F1613A-D959-48DE-9F67-07A0F2F6ABBA}.Release|x64.Build.0 = Release|x64
		{F9F1613A-D959-48DE-9F67-07A0F2F6ABBA}.Release|x86.ActiveCfg = Release|Win32
		{F9F1613A-D959-48DE-9F67-07A0F2F6ABBA}.Release|x86.Build.0 = Release|Win32
	EndGlobalSection
	GlobalSection(SolutionProperties) = preSolution
		HideSolutionNode = FALSE
	EndGlobalSection
	GlobalSection(ExtensibilityGlobals) = postSolution
		SolutionGuid = {48FDD58B-358B-47D3-8360-CCB6E6ECDA8F}
	EndGlobalSection
EndGlobal
